
Microsoft Visual Studio Solution File, Format Version 12.00
# Visual Studio Version 17
VisualStudioVersion = 17.9.34607.119
MinimumVisualStudioVersion = 10.0.40219.1
Project("{FAE04EC0-301F-11D3-BF4B-00C04F79EFBC}") = "ExperimentTester", "ExperimentTester.csproj", "{AD344328-6205-4BC7-8F24-72CE8F68796F}"
EndProject
Global
	GlobalSection(SolutionConfigurationPlatforms) = preSolution
		Debug|Any CPU = Debug|Any CPU
		Release|Any CPU = Release|Any CPU
	EndGlobalSection
	GlobalSection(ProjectConfigurationPlatforms) = postSolution
		{AD344328-6205-4BC7-8F24-72CE8F68796F}.Debug|Any CPU.ActiveCfg = Debug|Any CPU
		{AD344328-6205-4BC7-8F24-72CE8F68796F}.Debug|Any CPU.Build.0 = Debug|Any CPU
		{AD344328-6205-4BC7-8F24-72CE8F68796F}.Release|Any CPU.ActiveCfg = Release|Any CPU
		{AD344328-6205-4BC7-8F24-72CE8F68796F}.Release|Any CPU.Build.0 = Release|Any CPU
	EndGlobalSection
	GlobalSection(SolutionProperties) = preSolution
		HideSolutionNode = FALSE
	EndGlobalSection
	GlobalSection(ExtensibilityGlobals) = postSolution
		SolutionGuid = {6CD74083-09F5-4C56-B7E0-75AB696F39CC}
	EndGlobalSection
EndGlobal
